
Microsoft Visual Studio Solution File, Format Version 12.00
# Visual Studio Version 16
VisualStudioVersion = 16.0.29926.136
MinimumVisualStudioVersion = 10.0.40219.1
Project("{2150E333-8FDC-42A3-9474-1A3956D46DE8}") = "FrondEnd", "FrondEnd", "{E5961860-3287-45A7-B6BB-EAB8C8E880EA}"
EndProject
Project("{2150E333-8FDC-42A3-9474-1A3956D46DE8}") = "Tests", "Tests", "{7F22F3E7-7A2D-4964-B23B-35C0369E7F3B}"
EndProject
Project("{2150E333-8FDC-42A3-9474-1A3956D46DE8}") = "Plugins", "Plugins", "{239B0A7D-C1F2-4C44-9E0E-CD074579D368}"
EndProject
Project("{2150E333-8FDC-42A3-9474-1A3956D46DE8}") = "Web", "Web", "{89875879-E74B-4171-B451-C386A369769A}"
EndProject
Project("{2150E333-8FDC-42A3-9474-1A3956D46DE8}") = "Libraries", "Libraries", "{4639DD44-F356-46C4-8457-C40F562AC8CD}"
EndProject
Project("{9A19103F-16F7-4668-BE54-9A1E7A4F7556}") = "Lbum.Data", "Lbum.Data\Lbum.Data.csproj", "{ED2B0F28-DBC8-48AA-9D5C-E43B4FC0B370}"
EndProject
Project("{9A19103F-16F7-4668-BE54-9A1E7A4F7556}") = "Lbum.Api", "Lbum.Api\Lbum.Api.csproj", "{1CB05750-E787-4155-84A6-8F3ED53382C7}"
EndProject
Project("{9A19103F-16F7-4668-BE54-9A1E7A4F7556}") = "Lbum.Repository", "Lbum.Repository\Lbum.Repository.csproj", "{ECEEFC0C-151B-4A5A-86DF-F8BFF34C5E95}"
EndProject
Project("{9A19103F-16F7-4668-BE54-9A1E7A4F7556}") = "Lbum.Domain", "Lbum.Domain\Lbum.Domain.csproj", "{457CA282-9084-419B-AB4C-339C9E732923}"
EndProject
Project("{9A19103F-16F7-4668-BE54-9A1E7A4F7556}") = "Lbum.Utils", "Lbum.Utils\Lbum.Utils.csproj", "{80357D5C-3ACC-498E-83D0-55F531123C91}"
EndProject
Project("{9A19103F-16F7-4668-BE54-9A1E7A4F7556}") = "Lbum.Core", "Lbum.Core\Lbum.Core.csproj", "{BE202E3A-9D5E-4768-89DC-32855855082F}"
EndProject
Project("{9A19103F-16F7-4668-BE54-9A1E7A4F7556}") = "Lbum.Web.Framework", "Lbum.Web.Framework\Lbum.Web.Framework.csproj", "{DE60CF28-B3DA-4F8F-BA7E-CD9935137254}"
EndProject
Global
	GlobalSection(SolutionConfigurationPlatforms) = preSolution
		Debug|Any CPU = Debug|Any CPU
		Release|Any CPU = Release|Any CPU
	EndGlobalSection
	GlobalSection(ProjectConfigurationPlatforms) = postSolution
		{ED2B0F28-DBC8-48AA-9D5C-E43B4FC0B370}.Debug|Any CPU.ActiveCfg = Debug|Any CPU
		{ED2B0F28-DBC8-48AA-9D5C-E43B4FC0B370}.Debug|Any CPU.Build.0 = Debug|Any CPU
		{ED2B0F28-DBC8-48AA-9D5C-E43B4FC0B370}.Release|Any CPU.ActiveCfg = Release|Any CPU
		{ED2B0F28-DBC8-48AA-9D5C-E43B4FC0B370}.Release|Any CPU.Build.0 = Release|Any CPU
		{1CB05750-E787-4155-84A6-8F3ED53382C7}.Debug|Any CPU.ActiveCfg = Debug|Any CPU
		{1CB05750-E787-4155-84A6-8F3ED53382C7}.Debug|Any CPU.Build.0 = Debug|Any CPU
		{1CB05750-E787-4155-84A6-8F3ED53382C7}.Release|Any CPU.ActiveCfg = Release|Any CPU
		{1CB05750-E787-4155-84A6-8F3ED53382C7}.Release|Any CPU.Build.0 = Release|Any CPU
		{ECEEFC0C-151B-4A5A-86DF-F8BFF34C5E95}.Debug|Any CPU.ActiveCfg = Debug|Any CPU
		{ECEEFC0C-151B-4A5A-86DF-F8BFF34C5E95}.Debug|Any CPU.Build.0 = Debug|Any CPU
		{ECEEFC0C-151B-4A5A-86DF-F8BFF34C5E95}.Release|Any CPU.ActiveCfg = Release|Any CPU
		{ECEEFC0C-151B-4A5A-86DF-F8BFF34C5E95}.Release|Any CPU.Build.0 = Release|Any CPU
		{457CA282-9084-419B-AB4C-339C9E732923}.Debug|Any CPU.ActiveCfg = Debug|Any CPU
		{457CA282-9084-419B-AB4C-339C9E732923}.Debug|Any CPU.Build.0 = Debug|Any CPU
		{457CA282-9084-419B-AB4C-339C9E732923}.Release|Any CPU.ActiveCfg = Release|Any CPU
		{457CA282-9084-419B-AB4C-339C9E732923}.Release|Any CPU.Build.0 = Release|Any CPU
		{80357D5C-3ACC-498E-83D0-55F531123C91}.Debug|Any CPU.ActiveCfg = Debug|Any CPU
		{80357D5C-3ACC-498E-83D0-55F531123C91}.Debug|Any CPU.Build.0 = Debug|Any CPU
		{80357D5C-3ACC-498E-83D0-55F531123C91}.Release|Any CPU.ActiveCfg = Release|Any CPU
		{80357D5C-3ACC-498E-83D0-55F531123C91}.Release|Any CPU.Build.0 = Release|Any CPU
		{BE202E3A-9D5E-4768-89DC-32855855082F}.Debug|Any CPU.ActiveCfg = Debug|Any CPU
		{BE202E3A-9D5E-4768-89DC-32855855082F}.Debug|Any CPU.Build.0 = Debug|Any CPU
		{BE202E3A-9D5E-4768-89DC-32855855082F}.Release|Any CPU.ActiveCfg = Release|Any CPU
		{BE202E3A-9D5E-4768-89DC-32855855082F}.Release|Any CPU.Build.0 = Release|Any CPU
		{DE60CF28-B3DA-4F8F-BA7E-CD9935137254}.Debug|Any CPU.ActiveCfg = Debug|Any CPU
		{DE60CF28-B3DA-4F8F-BA7E-CD9935137254}.Debug|Any CPU.Build.0 = Debug|Any CPU
		{DE60CF28-B3DA-4F8F-BA7E-CD9935137254}.Release|Any CPU.ActiveCfg = Release|Any CPU
		{DE60CF28-B3DA-4F8F-BA7E-CD9935137254}.Release|Any CPU.Build.0 = Release|Any CPU
	EndGlobalSection
	GlobalSection(SolutionProperties) = preSolution
		HideSolutionNode = FALSE
	EndGlobalSection
	GlobalSection(NestedProjects) = preSolution
		{ED2B0F28-DBC8-48AA-9D5C-E43B4FC0B370} = {4639DD44-F356-46C4-8457-C40F562AC8CD}
		{1CB05750-E787-4155-84A6-8F3ED53382C7} = {89875879-E74B-4171-B451-C386A369769A}
		{ECEEFC0C-151B-4A5A-86DF-F8BFF34C5E95} = {4639DD44-F356-46C4-8457-C40F562AC8CD}
		{457CA282-9084-419B-AB4C-339C9E732923} = {4639DD44-F356-46C4-8457-C40F562AC8CD}
		{80357D5C-3ACC-498E-83D0-55F531123C91} = {4639DD44-F356-46C4-8457-C40F562AC8CD}
		{BE202E3A-9D5E-4768-89DC-32855855082F} = {4639DD44-F356-46C4-8457-C40F562AC8CD}
		{DE60CF28-B3DA-4F8F-BA7E-CD9935137254} = {89875879-E74B-4171-B451-C386A369769A}
	EndGlobalSection
	GlobalSection(ExtensibilityGlobals) = postSolution
		SolutionGuid = {AA7655A1-88E1-414E-8275-1A2F03C3AA0A}
	EndGlobalSection
EndGlobal
